{"version":4,"terraform_version":"1.11.5","serial":2,"lineage":"662a9183-789c-36fd-9546-57a444c25b72","outputs":{},"resources":[{"mode":"managed","type":"aws_s3_bucket","name":"this","provider":"provider[\"registry.opentofu.org/hashicorp/aws\"]","instances":[{"schema_version":0,"attributes":{"acceleration_status":"","acl":null,"arn":"arn:aws:s3:::ripley-homelab-state","bucket":"ripley-homelab-state","bucket_domain_name":"ripley-homelab-state.s3.amazonaws.com","bucket_namespace":"global","bucket_prefix":"","bucket_region":"us-east-1","bucket_regional_domain_name":"ripley-homelab-state.s3.us-east-1.amazonaws.com","cors_rule":[],"force_destroy":false,"grant":[{"id":"2a1fffb4e57dd72f9a3152ff5565f8852b0f4fa5146bfc80a6f91c921e3d2fc2","permissions":["FULL_CONTROL"],"type":"CanonicalUser","uri":""}],"hosted_zone_id":"Z3AQBSTGFYJSTF","id":"ripley-homelab-state","lifecycle_rule":[],"logging":[],"object_lock_configuration":[],"object_lock_enabled":false,"policy":"","region":"us-east-1","replication_configuration":[],"request_payer":"BucketOwner","server_side_encryption_configuration":[{"rule":[{"apply_server_side_encryption_by_default":[{"kms_master_key_id":"","sse_algorithm":"AES256"}],"bucket_key_enabled":false}]}],"tags":{"Name":"ripley-homelab-state"},"tags_all":{"Name":"ripley-homelab-state"},"timeouts":null,"versioning":[{"enabled":false,"mfa_delete":false}],"website":[],"website_domain":null,"website_endpoint":null},"sensitive_attributes":[],"private":"eyJlMmJmYjczMC1lY2FhLTExZTYtOGY4OC0zNDM2M2JjN2M0YzAiOnsiY3JlYXRlIjoxMjAwMDAwMDAwMDAwLCJkZWxldGUiOjM2MDAwMDAwMDAwMDAsInJlYWQiOjEyMDAwMDAwMDAwMDAsInVwZGF0ZSI6MTIwMDAwMDAwMDAwMH19"}]}],"check_results":null}
